
Microsoft Visual Studio Solution File, Format Version 12.00
# Visual Studio 14
VisualStudioVersion = 14.0.25420.1
MinimumVisualStudioVersion = 10.0.40219.1
Project("{FAE04EC0-301F-11D3-BF4B-00C04F79EFBC}") = "GenTree.Server", "GenTree.Server\GenTree.Server.csproj", "{A0177A4B-EDFA-4C59-B6B4-033146517393}"
EndProject
Project("{FAE04EC0-301F-11D3-BF4B-00C04F79EFBC}") = "GenTree.BLL", "GenTree.BLL\GenTree.BLL.csproj", "{FEA42301-E793-4FB6-9944-51E303710AC3}"
EndProject
Project("{FAE04EC0-301F-11D3-BF4B-00C04F79EFBC}") = "GenTree.DAL", "GenTree.DAL\GenTree.DAL.csproj", "{4A802B84-A136-4F18-8002-D0115A7F7A4F}"
EndProject
Project("{FAE04EC0-301F-11D3-BF4B-00C04F79EFBC}") = "GenTree.SharedEntities", "GenTree.SharedEntities\GenTree.SharedEntities.csproj", "{C9B7F902-1FD9-44A5-92A1-169163B544ED}"
EndProject
Project("{FAE04EC0-301F-11D3-BF4B-00C04F79EFBC}") = "GenTree.Program", "genTree.Program\GenTree.Program.csproj", "{4F9A1EEB-44C3-4896-9AEC-1051249DC374}"
EndProject
Global
	GlobalSection(SolutionConfigurationPlatforms) = preSolution
		Debug|Any CPU = Debug|Any CPU
		Release|Any CPU = Release|Any CPU
	EndGlobalSection
	GlobalSection(ProjectConfigurationPlatforms) = postSolution
		{A0177A4B-EDFA-4C59-B6B4-033146517393}.Debug|Any CPU.ActiveCfg = Debug|Any CPU
		{A0177A4B-EDFA-4C59-B6B4-033146517393}.Debug|Any CPU.Build.0 = Debug|Any CPU
		{A0177A4B-EDFA-4C59-B6B4-033146517393}.Release|Any CPU.ActiveCfg = Release|Any CPU
		{A0177A4B-EDFA-4C59-B6B4-033146517393}.Release|Any CPU.Build.0 = Release|Any CPU
		{FEA42301-E793-4FB6-9944-51E303710AC3}.Debug|Any CPU.ActiveCfg = Debug|Any CPU
		{FEA42301-E793-4FB6-9944-51E303710AC3}.Debug|Any CPU.Build.0 = Debug|Any CPU
		{FEA42301-E793-4FB6-9944-51E303710AC3}.Release|Any CPU.ActiveCfg = Release|Any CPU
		{FEA42301-E793-4FB6-9944-51E303710AC3}.Release|Any CPU.Build.0 = Release|Any CPU
		{4A802B84-A136-4F18-8002-D0115A7F7A4F}.Debug|Any CPU.ActiveCfg = Debug|Any CPU
		{4A802B84-A136-4F18-8002-D0115A7F7A4F}.Debug|Any CPU.Build.0 = Debug|Any CPU
		{4A802B84-A136-4F18-8002-D0115A7F7A4F}.Release|Any CPU.ActiveCfg = Release|Any CPU
		{4A802B84-A136-4F18-8002-D0115A7F7A4F}.Release|Any CPU.Build.0 = Release|Any CPU
		{C9B7F902-1FD9-44A5-92A1-169163B544ED}.Debug|Any CPU.ActiveCfg = Debug|Any CPU
		{C9B7F902-1FD9-44A5-92A1-169163B544ED}.Debug|Any CPU.Build.0 = Debug|Any CPU
		{C9B7F902-1FD9-44A5-92A1-169163B544ED}.Release|Any CPU.ActiveCfg = Release|Any CPU
		{C9B7F902-1FD9-44A5-92A1-169163B544ED}.Release|Any CPU.Build.0 = Release|Any CPU
		{4F9A1EEB-44C3-4896-9AEC-1051249DC374}.Debug|Any CPU.ActiveCfg = Debug|Any CPU
		{4F9A1EEB-44C3-4896-9AEC-1051249DC374}.Debug|Any CPU.Build.0 = Debug|Any CPU
		{4F9A1EEB-44C3-4896-9AEC-1051249DC374}.Release|Any CPU.ActiveCfg = Release|Any CPU
		{4F9A1EEB-44C3-4896-9AEC-1051249DC374}.Release|Any CPU.Build.0 = Release|Any CPU
	EndGlobalSection
	GlobalSection(SolutionProperties) = preSolution
		HideSolutionNode = FALSE
	EndGlobalSection
EndGlobal
